{
  "name": "oscarjacobsen.github.io",
  "lockfileVersion": 3,
  "requires": true,
  "packages": {
    "": {
      "dependencies": {
        "trimble-connect-project-workspace-api": "^0.1.5"
      }
    },
    "node_modules/trimble-connect-project-workspace-api": {
      "version": "0.1.5",
      "resolved": "https://registry.npmjs.org/trimble-connect-project-workspace-api/-/trimble-connect-project-workspace-api-0.1.5.tgz",
      "integrity": "sha512-ZkvLz4iIurzD5Gjl4edNGWvb36QvmoAm89sEJq2zuYcLEXEt+cQcK8Gxfz3ryWG4+hWbyYh46FI2nBI3C0ZDCQ==",
      "deprecated": "As communicated in Sep and Nov 2022 (blogpost - https://community.trimble.com/blogs/darshan2-rajaram-kamat1/2022/11/18/request-connects-client-api-integrators-to-start-u) , Project Workspace API integrators should start using the trimble-connect-workspace-api (https://www.npmjs.com/package/trimble-connect-workspace-api, documentation: https://components.connect.trimble.com/trimble-connect-workspace-api/index.html#quick-start---trimble-connect-project-extensions)  before the end of 2023 Q1. The legacy APIs will stop working after the end of 2023  Q1"
    }
  }
}
